
Microsoft Visual Studio Solution File, Format Version 12.00
# Visual Studio Version 17
VisualStudioVersion = 17.5.33627.172
MinimumVisualStudioVersion = 10.0.40219.1
Project("{888888A0-9F3D-457C-B088-3A5042F75D52}") = "Project", "Project\Project.pyproj", "{90090FB8-7795-43B2-B297-8062DD902E6E}"
EndProject
Global
	GlobalSection(SolutionConfigurationPlatforms) = preSolution
		Debug|Any CPU = Debug|Any CPU
		Release|Any CPU = Release|Any CPU
	EndGlobalSection
	GlobalSection(ProjectConfigurationPlatforms) = postSolution
		{90090FB8-7795-43B2-B297-8062DD902E6E}.Debug|Any CPU.ActiveCfg = Debug|Any CPU
		{90090FB8-7795-43B2-B297-8062DD902E6E}.Release|Any CPU.ActiveCfg = Release|Any CPU
	EndGlobalSection
	GlobalSection(SolutionProperties) = preSolution
		HideSolutionNode = FALSE
	EndGlobalSection
	GlobalSection(ExtensibilityGlobals) = postSolution
		SolutionGuid = {12A737FB-F782-45D8-8F25-E4F7B61FD0EF}
	EndGlobalSection
EndGlobal
